
Microsoft Visual Studio Solution File, Format Version 12.00
Project("{FAE04EC0-301F-11D3-BF4B-00C04F79EFBC}") = "OutlineEffect.Desktop", "OutlineEffect\OutlineEffect.Desktop\OutlineEffect.Desktop.csproj", "{C7441770-0C58-4AD8-B1BC-49D49DF697A1}"
EndProject
Project("{FAE04EC0-301F-11D3-BF4B-00C04F79EFBC}") = "OutlineEffect.Game", "OutlineEffect\OutlineEffect.Game\OutlineEffect.Game.csproj", "{66B9E6F3-7703-4751-9ED6-9E5111832F91}"
EndProject
Project("{FAE04EC0-301F-11D3-BF4B-00C04F79EFBC}") = "OutlineEffect.Game.Tests", "OutlineEffect\OutlineEffect.Game.Tests\OutlineEffect.Game.Tests.csproj", "{AD390FBB-5799-4872-AC8B-760B669D19B5}"
EndProject
Project("{FAE04EC0-301F-11D3-BF4B-00C04F79EFBC}") = "OutlineEffect.Resources", "OutlineEffect\OutlineEffect.Resources\OutlineEffect.Resources.csproj", "{C06FFF8A-A137-42D7-99EC-DC5AA1F59D4A}"
EndProject
Global
	GlobalSection(SolutionConfigurationPlatforms) = preSolution
		Debug|Any CPU = Debug|Any CPU
		Release|Any CPU = Release|Any CPU
	EndGlobalSection
	GlobalSection(ProjectConfigurationPlatforms) = postSolution
		{C7441770-0C58-4AD8-B1BC-49D49DF697A1}.Debug|Any CPU.ActiveCfg = Debug|Any CPU
		{C7441770-0C58-4AD8-B1BC-49D49DF697A1}.Debug|Any CPU.Build.0 = Debug|Any CPU
		{C7441770-0C58-4AD8-B1BC-49D49DF697A1}.Release|Any CPU.ActiveCfg = Release|Any CPU
		{C7441770-0C58-4AD8-B1BC-49D49DF697A1}.Release|Any CPU.Build.0 = Release|Any CPU
		{66B9E6F3-7703-4751-9ED6-9E5111832F91}.Debug|Any CPU.ActiveCfg = Debug|Any CPU
		{66B9E6F3-7703-4751-9ED6-9E5111832F91}.Debug|Any CPU.Build.0 = Debug|Any CPU
		{66B9E6F3-7703-4751-9ED6-9E5111832F91}.Release|Any CPU.ActiveCfg = Release|Any CPU
		{66B9E6F3-7703-4751-9ED6-9E5111832F91}.Release|Any CPU.Build.0 = Release|Any CPU
		{AD390FBB-5799-4872-AC8B-760B669D19B5}.Debug|Any CPU.ActiveCfg = Debug|Any CPU
		{AD390FBB-5799-4872-AC8B-760B669D19B5}.Debug|Any CPU.Build.0 = Debug|Any CPU
		{AD390FBB-5799-4872-AC8B-760B669D19B5}.Release|Any CPU.ActiveCfg = Release|Any CPU
		{AD390FBB-5799-4872-AC8B-760B669D19B5}.Release|Any CPU.Build.0 = Release|Any CPU
		{C06FFF8A-A137-42D7-99EC-DC5AA1F59D4A}.Debug|Any CPU.ActiveCfg = Debug|Any CPU
		{C06FFF8A-A137-42D7-99EC-DC5AA1F59D4A}.Debug|Any CPU.Build.0 = Debug|Any CPU
		{C06FFF8A-A137-42D7-99EC-DC5AA1F59D4A}.Release|Any CPU.ActiveCfg = Release|Any CPU
		{C06FFF8A-A137-42D7-99EC-DC5AA1F59D4A}.Release|Any CPU.Build.0 = Release|Any CPU
	EndGlobalSection
EndGlobal
